// !$*UTF8*$!
{
	archiveVersion = 1;
	classes = {
	};
	objectVersion = 56;
	objects = {

/* Begin PBXBuildFile section */
		0267DC092A88EEE7001F9E77 /* ComplicationController.swift in Sources */ = {isa = PBXBuildFile; fileRef = 0267DC082A88EEE7001F9E77 /* ComplicationController.swift */; };
		02E618F52A88BD3A0096100F /* EftelingWaits Watch App.app in Embed Watch Content */ = {isa = PBXBuildFile; fileRef = 02E618F42A88BD3A0096100F /* EftelingWaits Watch App.app */; settings = {ATTRIBUTES = (RemoveHeadersOnCopy, ); }; };
		02E618FA2A88BD3A0096100F /* EftelingWaitsApp.swift in Sources */ = {isa = PBXBuildFile; fileRef = 02E618F92A88BD3A0096100F /* EftelingWaitsApp.swift */; };
		02E618FC2A88BD3A0096100F /* ContentView.swift in Sources */ = {isa = PBXBuildFile; fileRef = 02E618FB2A88BD3A0096100F /* ContentView.swift */; };
		02E618FE2A88BD3B0096100F /* Assets.xcassets in Resources */ = {isa = PBXBuildFile; fileRef = 02E618FD2A88BD3B0096100F /* Assets.xcassets */; };
		02E619012A88BD3B0096100F /* Preview Assets.xcassets in Resources */ = {isa = PBXBuildFile; fileRef = 02E619002A88BD3B0096100F /* Preview Assets.xcassets */; };
		02E6190D2A88BD7F0096100F /* Queue.swift in Sources */ = {isa = PBXBuildFile; fileRef = 02E6190C2A88BD7F0096100F /* Queue.swift */; };
		02E6190F2A88BDDE0096100F /* QueueViewModel.swift in Sources */ = {isa = PBXBuildFile; fileRef = 02E6190E2A88BDDE0096100F /* QueueViewModel.swift */; };
		02E619112A88CEBB0096100F /* RideView.swift in Sources */ = {isa = PBXBuildFile; fileRef = 02E619102A88CEBB0096100F /* RideView.swift */; };
/* End PBXBuildFile section */

/* Begin PBXContainerItemProxy section */
		02E618F62A88BD3A0096100F /* PBXContainerItemProxy */ = {
			isa = PBXContainerItemProxy;
			containerPortal = 02E618E82A88BD3A0096100F /* Project object */;
			proxyType = 1;
			remoteGlobalIDString = 02E618F32A88BD3A0096100F;
			remoteInfo = "EftelingWaits Watch App";
		};
/* End PBXContainerItemProxy section */

/* Begin PBXCopyFilesBuildPhase section */
		02E619072A88BD3B0096100F /* Embed Watch Content */ = {
			isa = PBXCopyFilesBuildPhase;
			buildActionMask = 2147483647;
			dstPath = "$(CONTENTS_FOLDER_PATH)/Watch";
			dstSubfolderSpec = 16;
			files = (
				02E618F52A88BD3A0096100F /* EftelingWaits Watch App.app in Embed Watch Content */,
			);
			name = "Embed Watch Content";
			runOnlyForDeploymentPostprocessing = 0;
		};
/* End PBXCopyFilesBuildPhase section */

/* Begin PBXFileReference section */
		0267DC082A88EEE7001F9E77 /* ComplicationController.swift */ = {isa = PBXFileReference; lastKnownFileType = sourcecode.swift; path = ComplicationController.swift; sourceTree = "<group>"; };
		02E618EE2A88BD3A0096100F /* EftelingWaits.app */ = {isa = PBXFileReference; explicitFileType = wrapper.application; includeInIndex = 0; path = EftelingWaits.app; sourceTree = BUILT_PRODUCTS_DIR; };
		02E618F42A88BD3A0096100F /* EftelingWaits Watch App.app */ = {isa = PBXFileReference; explicitFileType = wrapper.application; includeInIndex = 0; path = "EftelingWaits Watch App.app"; sourceTree = BUILT_PRODUCTS_DIR; };
		02E618F92A88BD3A0096100F /* EftelingWaitsApp.swift */ = {isa = PBXFileReference; lastKnownFileType = sourcecode.swift; path = EftelingWaitsApp.swift; sourceTree = "<group>"; };
		02E618FB2A88BD3A0096100F /* ContentView.swift */ = {isa = PBXFileReference; lastKnownFileType = sourcecode.swift; path = ContentView.swift; sourceTree = "<group>"; };
		02E618FD2A88BD3B0096100F /* Assets.xcassets */ = {isa = PBXFileReference; lastKnownFileType = folder.assetcatalog; path = Assets.xcassets; sourceTree = "<group>"; };
		02E619002A88BD3B0096100F /* Preview Assets.xcassets */ = {isa = PBXFileReference; lastKnownFileType = folder.assetcatalog; path = "Preview Assets.xcassets"; sourceTree = "<group>"; };
		02E6190C2A88BD7F0096100F /* Queue.swift */ = {isa = PBXFileReference; lastKnownFileType = sourcecode.swift; path = Queue.swift; sourceTree = "<group>"; };
		02E6190E2A88BDDE0096100F /* QueueViewModel.swift */ = {isa = PBXFileReference; lastKnownFileType = sourcecode.swift; name = QueueViewModel.swift; path = "EftelingWaits Watch App/QueueViewModel.swift"; sourceTree = SOURCE_ROOT; };
		02E619102A88CEBB0096100F /* RideView.swift */ = {isa = PBXFileReference; lastKnownFileType = sourcecode.swift; name = RideView.swift; path = "EftelingWaits Watch App/RideView.swift"; sourceTree = SOURCE_ROOT; };
/* End PBXFileReference section */

/* Begin PBXFrameworksBuildPhase section */
		02E618F12A88BD3A0096100F /* Frameworks */ = {
			isa = PBXFrameworksBuildPhase;
			buildActionMask = 2147483647;
			files = (
			);
			runOnlyForDeploymentPostprocessing = 0;
		};
/* End PBXFrameworksBuildPhase section */

/* Begin PBXGroup section */
		02E618E72A88BD3A0096100F = {
			isa = PBXGroup;
			children = (
				0267DC082A88EEE7001F9E77 /* ComplicationController.swift */,
				02E618F82A88BD3A0096100F /* EftelingWaits Watch App */,
				02E618EF2A88BD3A0096100F /* Products */,
			);
			sourceTree = "<group>";
		};
		02E618EF2A88BD3A0096100F /* Products */ = {
			isa = PBXGroup;
			children = (
				02E618EE2A88BD3A0096100F /* EftelingWaits.app */,
				02E618F42A88BD3A0096100F /* EftelingWaits Watch App.app */,
			);
			name = Products;
			sourceTree = "<group>";
		};
		02E618F82A88BD3A0096100F /* EftelingWaits Watch App */ = {
			isa = PBXGroup;
			children = (
				02E6190B2A88BD5F0096100F /* Model */,
				02E618F92A88BD3A0096100F /* EftelingWaitsApp.swift */,
				02E618FB2A88BD3A0096100F /* ContentView.swift */,
				02E618FD2A88BD3B0096100F /* Assets.xcassets */,
				02E618FF2A88BD3B0096100F /* Preview Content */,
			);
			path = "EftelingWaits Watch App";
			sourceTree = "<group>";
		};
		02E618FF2A88BD3B0096100F /* Preview Content */ = {
			isa = PBXGroup;
			children = (
				02E619002A88BD3B0096100F /* Preview Assets.xcassets */,
			);
			path = "Preview Content";
			sourceTree = "<group>";
		};
		02E6190B2A88BD5F0096100F /* Model */ = {
			isa = PBXGroup;
			children = (
				02E6190C2A88BD7F0096100F /* Queue.swift */,
				02E6190E2A88BDDE0096100F /* QueueViewModel.swift */,
				02E619102A88CEBB0096100F /* RideView.swift */,
			);
			path = Model;
			sourceTree = "<group>";
		};
/* End PBXGroup section */

/* Begin PBXNativeTarget section */
		02E618ED2A88BD3A0096100F /* EftelingWaits */ = {
			isa = PBXNativeTarget;
			buildConfigurationList = 02E619082A88BD3B0096100F /* Build configuration list for PBXNativeTarget "EftelingWaits" */;
			buildPhases = (
				02E618EC2A88BD3A0096100F /* Resources */,
				02E619072A88BD3B0096100F /* Embed Watch Content */,
			);
			buildRules = (
			);
			dependencies = (
				02E618F72A88BD3A0096100F /* PBXTargetDependency */,
			);
			name = EftelingWaits;
			productName = EftelingWaits;
			productReference = 02E618EE2A88BD3A0096100F /* EftelingWaits.app */;
			productType = "com.apple.product-type.application.watchapp2-container";
		};
		02E618F32A88BD3A0096100F /* EftelingWaits Watch App */ = {
			isa = PBXNativeTarget;
			buildConfigurationList = 02E619042A88BD3B0096100F /* Build configuration list for PBXNativeTarget "EftelingWaits Watch App" */;
			buildPhases = (
				02E618F02A88BD3A0096100F /* Sources */,
				02E618F12A88BD3A0096100F /* Frameworks */,
				02E618F22A88BD3A0096100F /* Resources */,
			);
			buildRules = (
			);
			dependencies = (
			);
			name = "EftelingWaits Watch App";
			productName = "EftelingWaits Watch App";
			productReference = 02E618F42A88BD3A0096100F /* EftelingWaits Watch App.app */;
			productType = "com.apple.product-type.application";
		};
/* End PBXNativeTarget section */

/* Begin PBXProject section */
		02E618E82A88BD3A0096100F /* Project object */ = {
			isa = PBXProject;
			attributes = {
				BuildIndependentTargetsInParallel = 1;
				LastSwiftUpdateCheck = 1430;
				LastUpgradeCheck = 1430;
				TargetAttributes = {
					02E618ED2A88BD3A0096100F = {
						CreatedOnToolsVersion = 14.3.1;
					};
					02E618F32A88BD3A0096100F = {
						CreatedOnToolsVersion = 14.3.1;
					};
				};
			};
			buildConfigurationList = 02E618EB2A88BD3A0096100F /* Build configuration list for PBXProject "EftelingWaits" */;
			compatibilityVersion = "Xcode 14.0";
			developmentRegion = en;
			hasScannedForEncodings = 0;
			knownRegions = (
				en,
				Base,
			);
			mainGroup = 02E618E72A88BD3A0096100F;
			productRefGroup = 02E618EF2A88BD3A0096100F /* Products */;
			projectDirPath = "";
			projectRoot = "";
			targets = (
				02E618ED2A88BD3A0096100F /* EftelingWaits */,
				02E618F32A88BD3A0096100F /* EftelingWaits Watch App */,
			);
		};
/* End PBXProject section */

/* Begin PBXResourcesBuildPhase section */
		02E618EC2A88BD3A0096100F /* Resources */ = {
			isa = PBXResourcesBuildPhase;
			buildActionMask = 2147483647;
			files = (
			);
			runOnlyForDeploymentPostprocessing = 0;
		};
		02E618F22A88BD3A0096100F /* Resources */ = {
			isa = PBXResourcesBuildPhase;
			buildActionMask = 2147483647;
			files = (
				02E619012A88BD3B0096100F /* Preview Assets.xcassets in Resources */,
				02E618FE2A88BD3B0096100F /* Assets.xcassets in Resources */,
			);
			runOnlyForDeploymentPostprocessing = 0;
		};
/* End PBXResourcesBuildPhase section */

/* Begin PBXSourcesBuildPhase section */
		02E618F02A88BD3A0096100F /* Sources */ = {
			isa = PBXSourcesBuildPhase;
			buildActionMask = 2147483647;
			files = (
				02E619112A88CEBB0096100F /* RideView.swift in Sources */,
				02E6190F2A88BDDE0096100F /* QueueViewModel.swift in Sources */,
				02E618FC2A88BD3A0096100F /* ContentView.swift in Sources */,
				02E6190D2A88BD7F0096100F /* Queue.swift in Sources */,
				02E618FA2A88BD3A0096100F /* EftelingWaitsApp.swift in Sources */,
				0267DC092A88EEE7001F9E77 /* ComplicationController.swift in Sources */,
			);
			runOnlyForDeploymentPostprocessing = 0;
		};
/* End PBXSourcesBuildPhase section */

/* Begin PBXTargetDependency section */
		02E618F72A88BD3A0096100F /* PBXTargetDependency */ = {
			isa = PBXTargetDependency;
			target = 02E618F32A88BD3A0096100F /* EftelingWaits Watch App */;
			targetProxy = 02E618F62A88BD3A0096100F /* PBXContainerItemProxy */;
		};
/* End PBXTargetDependency section */

/* Begin XCBuildConfiguration section */
		02E619022A88BD3B0096100F /* Debug */ = {
			isa = XCBuildConfiguration;
			buildSettings = {
				ALWAYS_SEARCH_USER_PATHS = NO;
				CLANG_ANALYZER_NONNULL = YES;
				CLANG_ANALYZER_NUMBER_OBJECT_CONVERSION = YES_AGGRESSIVE;
				CLANG_CXX_LANGUAGE_STANDARD = "gnu++20";
				CLANG_ENABLE_MODULES = YES;
				CLANG_ENABLE_OBJC_ARC = YES;
				CLANG_ENABLE_OBJC_WEAK = YES;
				CLANG_WARN_BLOCK_CAPTURE_AUTORELEASING = YES;
				CLANG_WARN_BOOL_CONVERSION = YES;
				CLANG_WARN_COMMA = YES;
				CLANG_WARN_CONSTANT_CONVERSION = YES;
				CLANG_WARN_DEPRECATED_OBJC_IMPLEMENTATIONS = YES;
				CLANG_WARN_DIRECT_OBJC_ISA_USAGE = YES_ERROR;
				CLANG_WARN_DOCUMENTATION_COMMENTS = YES;
				CLANG_WARN_EMPTY_BODY = YES;
				CLANG_WARN_ENUM_CONVERSION = YES;
				CLANG_WARN_INFINITE_RECURSION = YES;
				CLANG_WARN_INT_CONVERSION = YES;
				CLANG_WARN_NON_LITERAL_NULL_CONVERSION = YES;
				CLANG_WARN_OBJC_IMPLICIT_RETAIN_SELF = YES;
				CLANG_WARN_OBJC_LITERAL_CONVERSION = YES;
				CLANG_WARN_OBJC_ROOT_CLASS = YES_ERROR;
				CLANG_WARN_QUOTED_INCLUDE_IN_FRAMEWORK_HEADER = YES;
				CLANG_WARN_RANGE_LOOP_ANALYSIS = YES;
				CLANG_WARN_STRICT_PROTOTYPES = YES;
				CLANG_WARN_SUSPICIOUS_MOVE = YES;
				CLANG_WARN_UNGUARDED_AVAILABILITY = YES_AGGRESSIVE;
				CLANG_WARN_UNREACHABLE_CODE = YES;
				CLANG_WARN__DUPLICATE_METHOD_MATCH = YES;
				COPY_PHASE_STRIP = NO;
				DEBUG_INFORMATION_FORMAT = dwarf;
				ENABLE_STRICT_OBJC_MSGSEND = YES;
				ENABLE_TESTABILITY = YES;
				GCC_C_LANGUAGE_STANDARD = gnu11;
				GCC_DYNAMIC_NO_PIC = NO;
				GCC_NO_COMMON_BLOCKS = YES;
				GCC_OPTIMIZATION_LEVEL = 0;
				GCC_PREPROCESSOR_DEFINITIONS = (
					"DEBUG=1",
					"$(inherited)",
				);
				GCC_WARN_64_TO_32_BIT_CONVERSION = YES;
				GCC_WARN_ABOUT_RETURN_TYPE = YES_ERROR;
				GCC_WARN_UNDECLARED_SELECTOR = YES;
				GCC_WARN_UNINITIALIZED_AUTOS = YES_AGGRESSIVE;
				GCC_WARN_UNUSED_FUNCTION = YES;
				GCC_WARN_UNUSED_VARIABLE = YES;
				MTL_ENABLE_DEBUG_INFO = INCLUDE_SOURCE;
				MTL_FAST_MATH = YES;
				ONLY_ACTIVE_ARCH = YES;
				SWIFT_ACTIVE_COMPILATION_CONDITIONS = DEBUG;
				SWIFT_OPTIMIZATION_LEVEL = "-Onone";
			};
			name = Debug;
		};
		02E619032A88BD3B0096100F /* Release */ = {
			isa = XCBuildConfiguration;
			buildSettings = {
				ALWAYS_SEARCH_USER_PATHS = NO;
				CLANG_ANALYZER_NONNULL = YES;
				CLANG_ANALYZER_NUMBER_OBJECT_CONVERSION = YES_AGGRESSIVE;
				CLANG_CXX_LANGUAGE_STANDARD = "gnu++20";
				CLANG_ENABLE_MODULES = YES;
				CLANG_ENABLE_OBJC_ARC = YES;
				CLANG_ENABLE_OBJC_WEAK = YES;
				CLANG_WARN_BLOCK_CAPTURE_AUTORELEASING = YES;
				CLANG_WARN_BOOL_CONVERSION = YES;
				CLANG_WARN_COMMA = YES;
				CLANG_WARN_CONSTANT_CONVERSION = YES;
				CLANG_WARN_DEPRECATED_OBJC_IMPLEMENTATIONS = YES;
				CLANG_WARN_DIRECT_OBJC_ISA_USAGE = YES_ERROR;
				CLANG_WARN_DOCUMENTATION_COMMENTS = YES;
				CLANG_WARN_EMPTY_BODY = YES;
				CLANG_WARN_ENUM_CONVERSION = YES;
				CLANG_WARN_INFINITE_RECURSION = YES;
				CLANG_WARN_INT_CONVERSION = YES;
				CLANG_WARN_NON_LITERAL_NULL_CONVERSION = YES;
				CLANG_WARN_OBJC_IMPLICIT_RETAIN_SELF = YES;
				CLANG_WARN_OBJC_LITERAL_CONVERSION = YES;
				CLANG_WARN_OBJC_ROOT_CLASS = YES_ERROR;
				CLANG_WARN_QUOTED_INCLUDE_IN_FRAMEWORK_HEADER = YES;
				CLANG_WARN_RANGE_LOOP_ANALYSIS = YES;
				CLANG_WARN_STRICT_PROTOTYPES = YES;
				CLANG_WARN_SUSPICIOUS_MOVE = YES;
				CLANG_WARN_UNGUARDED_AVAILABILITY = YES_AGGRESSIVE;
				CLANG_WARN_UNREACHABLE_CODE = YES;
				CLANG_WARN__DUPLICATE_METHOD_MATCH = YES;
				COPY_PHASE_STRIP = NO;
				DEBUG_INFORMATION_FORMAT = "dwarf-with-dsym";
				ENABLE_NS_ASSERTIONS = NO;
				ENABLE_STRICT_OBJC_MSGSEND = YES;
				GCC_C_LANGUAGE_STANDARD = gnu11;
				GCC_NO_COMMON_BLOCKS = YES;
				GCC_WARN_64_TO_32_BIT_CONVERSION = YES;
				GCC_WARN_ABOUT_RETURN_TYPE = YES_ERROR;
				GCC_WARN_UNDECLARED_SELECTOR = YES;
				GCC_WARN_UNINITIALIZED_AUTOS = YES_AGGRESSIVE;
				GCC_WARN_UNUSED_FUNCTION = YES;
				GCC_WARN_UNUSED_VARIABLE = YES;
				MTL_ENABLE_DEBUG_INFO = NO;
				MTL_FAST_MATH = YES;
				SWIFT_COMPILATION_MODE = wholemodule;
				SWIFT_OPTIMIZATION_LEVEL = "-O";
			};
			name = Release;
		};
		02E619052A88BD3B0096100F /* Debug */ = {
			isa = XCBuildConfiguration;
			buildSettings = {
				ASSETCATALOG_COMPILER_APPICON_NAME = AppIcon;
				ASSETCATALOG_COMPILER_GLOBAL_ACCENT_COLOR_NAME = AccentColor;
				CODE_SIGN_STYLE = Automatic;
				CURRENT_PROJECT_VERSION = 1;
				DEVELOPMENT_ASSET_PATHS = "\"EftelingWaits Watch App/Preview Content\"";
				DEVELOPMENT_TEAM = NZ9M7D4WGG;
				ENABLE_PREVIEWS = YES;
				GENERATE_INFOPLIST_FILE = YES;
				INFOPLIST_KEY_CFBundleDisplayName = EftelingWaits;
				INFOPLIST_KEY_UISupportedInterfaceOrientations = "UIInterfaceOrientationPortrait UIInterfaceOrientationPortraitUpsideDown";
				INFOPLIST_KEY_WKWatchOnly = YES;
				LD_RUNPATH_SEARCH_PATHS = (
					"$(inherited)",
					"@executable_path/Frameworks",
				);
				MARKETING_VERSION = 1.0;
				PRODUCT_BUNDLE_IDENTIFIER = com.sjors.EftelingWaits.watchkitapp;
				PRODUCT_NAME = "$(TARGET_NAME)";
				SDKROOT = watchos;
				SKIP_INSTALL = YES;
				SWIFT_EMIT_LOC_STRINGS = YES;
				SWIFT_VERSION = 5.0;
				TARGETED_DEVICE_FAMILY = 4;
				WATCHOS_DEPLOYMENT_TARGET = 9.0;
			};
			name = Debug;
		};
		02E619062A88BD3B0096100F /* Release */ = {
			isa = XCBuildConfiguration;
			buildSettings = {
				ASSETCATALOG_COMPILER_APPICON_NAME = AppIcon;
				ASSETCATALOG_COMPILER_GLOBAL_ACCENT_COLOR_NAME = AccentColor;
				CODE_SIGN_STYLE = Automatic;
				CURRENT_PROJECT_VERSION = 1;
				DEVELOPMENT_ASSET_PATHS = "\"EftelingWaits Watch App/Preview Content\"";
				DEVELOPMENT_TEAM = NZ9M7D4WGG;
				ENABLE_PREVIEWS = YES;
				GENERATE_INFOPLIST_FILE = YES;
				INFOPLIST_KEY_CFBundleDisplayName = EftelingWaits;
				INFOPLIST_KEY_UISupportedInterfaceOrientations = "UIInterfaceOrientationPortrait UIInterfaceOrientationPortraitUpsideDown";
				INFOPLIST_KEY_WKWatchOnly = YES;
				LD_RUNPATH_SEARCH_PATHS = (
					"$(inherited)",
					"@executable_path/Frameworks",
				);
				MARKETING_VERSION = 1.0;
				PRODUCT_BUNDLE_IDENTIFIER = com.sjors.EftelingWaits.watchkitapp;
				PRODUCT_NAME = "$(TARGET_NAME)";
				SDKROOT = watchos;
				SKIP_INSTALL = YES;
				SWIFT_EMIT_LOC_STRINGS = YES;
				SWIFT_VERSION = 5.0;
				TARGETED_DEVICE_FAMILY = 4;
				VALIDATE_PRODUCT = YES;
				WATCHOS_DEPLOYMENT_TARGET = 9.0;
			};
			name = Release;
		};
		02E619092A88BD3B0096100F /* Debug */ = {
			isa = XCBuildConfiguration;
			buildSettings = {
				ALWAYS_EMBED_SWIFT_STANDARD_LIBRARIES = YES;
				CODE_SIGN_STYLE = Automatic;
				CURRENT_PROJECT_VERSION = 1;
				DEVELOPMENT_TEAM = NZ9M7D4WGG;
				INFOPLIST_KEY_CFBundleDisplayName = EftelingWaits;
				MARKETING_VERSION = 1.0;
				PRODUCT_BUNDLE_IDENTIFIER = com.sjors.EftelingWaits;
				PRODUCT_NAME = "$(TARGET_NAME)";
				SDKROOT = iphoneos;
				SWIFT_VERSION = 5.0;
			};
			name = Debug;
		};
		02E6190A2A88BD3B0096100F /* Release */ = {
			isa = XCBuildConfiguration;
			buildSettings = {
				ALWAYS_EMBED_SWIFT_STANDARD_LIBRARIES = YES;
				CODE_SIGN_STYLE = Automatic;
				CURRENT_PROJECT_VERSION = 1;
				DEVELOPMENT_TEAM = NZ9M7D4WGG;
				INFOPLIST_KEY_CFBundleDisplayName = EftelingWaits;
				MARKETING_VERSION = 1.0;
				PRODUCT_BUNDLE_IDENTIFIER = com.sjors.EftelingWaits;
				PRODUCT_NAME = "$(TARGET_NAME)";
				SDKROOT = iphoneos;
				SWIFT_VERSION = 5.0;
				VALIDATE_PRODUCT = YES;
			};
			name = Release;
		};
/* End XCBuildConfiguration section */

/* Begin XCConfigurationList section */
		02E618EB2A88BD3A0096100F /* Build configuration list for PBXProject "EftelingWaits" */ = {
			isa = XCConfigurationList;
			buildConfigurations = (
				02E619022A88BD3B0096100F /* Debug */,
				02E619032A88BD3B0096100F /* Release */,
			);
			defaultConfigurationIsVisible = 0;
			defaultConfigurationName = Release;
		};
		02E619042A88BD3B0096100F /* Build configuration list for PBXNativeTarget "EftelingWaits Watch App" */ = {
			isa = XCConfigurationList;
			buildConfigurations = (
				02E619052A88BD3B0096100F /* Debug */,
				02E619062A88BD3B0096100F /* Release */,
			);
			defaultConfigurationIsVisible = 0;
			defaultConfigurationName = Release;
		};
		02E619082A88BD3B0096100F /* Build configuration list for PBXNativeTarget "EftelingWaits" */ = {
			isa = XCConfigurationList;
			buildConfigurations = (
				02E619092A88BD3B0096100F /* Debug */,
				02E6190A2A88BD3B0096100F /* Release */,
			);
			defaultConfigurationIsVisible = 0;
			defaultConfigurationName = Release;
		};
/* End XCConfigurationList section */
	};
	rootObject = 02E618E82A88BD3A0096100F /* Project object */;
}
